{
	"_OFProjectGeneratorVersion": "0.105.0",
	"archiveVersion": "1",
	"classes": {},
	"objectVersion": "54",
	"objects": {
		"06AAB295-5531-47B9-90ED-37C7DAFAC092": {
			"fileRef": "27A88C15-B382-49EB-8E48-45963D489748",
			"isa": "PBXBuildFile"
		},
		"082005D0-0C69-41E2-AB86-51FE664F519F": {
			"children": [
				"0D9ABDB5-066F-4CAD-A761-27C96E9B84B6"
			],
			"isa": "PBXGroup",
			"name": "snappy",
			"path": "snappy",
			"sourceTree": "<group>"
		},
		"0AE88DBF-CF26-4C0A-A8FE-6BB3E67B151E": {
			"fileRef": "19BF0001-5FB7-4B83-9C3B-A077764C9524",
			"isa": "PBXBuildFile",
			"settings": {
				"ATTRIBUTES": [
					"CodeSignOnCopy"
				]
			}
		},
		"0D9ABDB5-066F-4CAD-A761-27C96E9B84B6": {
			"children": [
				"991524B1-76B0-4DD9-AAE6-D936ACDEA5F7"
			],
			"isa": "PBXGroup",
			"name": "lib",
			"path": "lib",
			"sourceTree": "<group>"
		},
		"0EB167E5-141C-49A3-BBE3-BB3B2F73C963": {
			"fileRef": "4004AC74-2E64-482C-A835-3812AB84A86F",
			"isa": "PBXBuildFile",
			"settings": {
				"ATTRIBUTES": [
					"CodeSignOnCopy"
				]
			}
		},
		"12E76141-303C-4870-8366-ACF21C2C3E3B": {
			"fileRef": "2B54E869-D638-4AC0-8261-9D4BDF83A5A6",
			"isa": "PBXBuildFile",
			"settings": {
				"ATTRIBUTES": [
					"CodeSignOnCopy"
				]
			}
		},
		"191CD6FA2847E21E0085CBB6": {
			"fileEncoding": "4",
			"isa": "PBXFileReference",
			"lastKnownFileType": "text.plist.entitlements",
			"path": "of.entitlements",
			"sourceTree": "<group>"
		},
		"191EF70929D778A400F35F26": {
			"isa": "PBXFileReference",
			"lastKnownFileType": "folder",
			"name": "openFrameworks",
			"path": "/Users/roy/Desktop/PROYECTOS/CROWDS/CROWDS_DEV/openFrameworks_v0.12.1_osx_release/libs/openFrameworks",
			"sourceTree": "<absolute>"
		},
		"19B789C429E5AB4A0082E9B8": {
			"alwaysOutOfDate": "1",
			"buildActionMask": "2147483647",
			"files": [],
			"inputFileListPaths": [],
			"inputPaths": [],
			"isa": "PBXShellScriptBuildPhase",
			"outputFileListPaths": [],
			"outputPaths": [],
			"runOnlyForDeploymentPostprocessing": "0",
			"shellPath": "/bin/sh",
			"shellScript": "\"$OF_PATH/scripts/osx/xcode_project.sh\"\n",
			"showEnvVarsInLog": "0"
		},
		"19BF0001-5FB7-4B83-9C3B-A077764C9524": {
			"fileEncoding": "4",
			"isa": "PBXFileReference",
			"lastKnownFileType": "compiled.mach-o.dylib",
			"name": "libsnappy.dylib",
			"path": "../libs/snappy/lib/osx/libsnappy.dylib",
			"sourceTree": "SOURCE_ROOT"
		},
		"1F7A60EA-6DBC-45CE-83F3-6E70FD994EA8": {
			"fileEncoding": "4",
			"isa": "PBXFileReference",
			"lastKnownFileType": "sourcecode.cpp.h",
			"name": "MovieTime.h",
			"path": "../libs/ofxHap/include/ofxHap/MovieTime.h",
			"sourceTree": "SOURCE_ROOT"
		},
		"20D51092-B4F3-415E-A683-49632D247198": {
			"fileEncoding": "4",
			"isa": "PBXFileReference",
			"lastKnownFileType": "sourcecode.cpp.h",
			"name": "TimeRangeSet.h",
			"path": "../libs/ofxHap/include/ofxHap/TimeRangeSet.h",
			"sourceTree": "SOURCE_ROOT"
		},
		"27A88C15-B382-49EB-8E48-45963D489748": {
			"fileEncoding": "4",
			"isa": "PBXFileReference",
			"lastKnownFileType": "sourcecode.cpp.cpp",
			"name": "AudioResampler.cpp",
			"path": "../libs/ofxHap/src/AudioResampler.cpp",
			"sourceTree": "SOURCE_ROOT"
		},
		"29A25A5B-4632-4956-A1F1-BF7571C73223": {
			"fileEncoding": "4",
			"isa": "PBXFileReference",
			"lastKnownFileType": "sourcecode.cpp.cpp",
			"name": "AudioDecoder.cpp",
			"path": "../libs/ofxHap/src/AudioDecoder.cpp",
			"sourceTree": "SOURCE_ROOT"
		},
		"2A5F2D68-BF5B-477D-BF7F-5A89AB3DA3DF": {
			"fileEncoding": "4",
			"isa": "PBXFileReference",
			"lastKnownFileType": "compiled.mach-o.dylib",
			"name": "libavformat.58.76.100.dylib",
			"path": "../libs/ffmpeg/lib/osx/libavformat.58.76.100.dylib",
			"sourceTree": "SOURCE_ROOT"
		},
		"2AF53419-A8C8-48D2-9378-91EAF1E67037": {
			"fileEncoding": "4",
			"isa": "PBXFileReference",
			"lastKnownFileType": "sourcecode.cpp.cpp",
			"name": "Clock.cpp",
			"path": "../libs/ofxHap/src/Clock.cpp",
			"sourceTree": "SOURCE_ROOT"
		},
		"2B54E869-D638-4AC0-8261-9D4BDF83A5A6": {
			"fileEncoding": "4",
			"isa": "PBXFileReference",
			"lastKnownFileType": "compiled.mach-o.dylib",
			"name": "libavcodec.dylib",
			"path": "../libs/ffmpeg/lib/osx/libavcodec.dylib",
			"sourceTree": "SOURCE_ROOT"
		},
		"319B880D-AACA-41AD-BF69-4DAEECBCB402": {
			"fileRef": "8ECDDC9B-09AF-425D-AA3B-CDA972202B90",
			"isa": "PBXBuildFile",
			"settings": {
				"ATTRIBUTES": [
					"CodeSignOnCopy"
				]
			}
		},
		"3319AD9F-4DC2-4E3B-92C0-3B815595BC46": {
			"fileRef": "2A5F2D68-BF5B-477D-BF7F-5A89AB3DA3DF",
			"isa": "PBXBuildFile",
			"settings": {
				"ATTRIBUTES": [
					"CodeSignOnCopy"
				]
			}
		},
		"33835226-4CBB-4598-B5E0-D59905FD4F15": {
			"fileRef": "C1F32278-B2B7-4ADA-828B-E3DD0B279A06",
			"isa": "PBXBuildFile"
		},
		"3498584B-7495-4139-B1C8-0BDDE926F1B8": {
			"fileEncoding": "4",
			"isa": "PBXFileReference",
			"lastKnownFileType": "compiled.mach-o.dylib",
			"name": "libavutil.dylib",
			"path": "../libs/ffmpeg/lib/osx/libavutil.dylib",
			"sourceTree": "SOURCE_ROOT"
		},
		"37E3F3ED-E625-4C84-BD90-F782ECF8AC3D": {
			"fileEncoding": "4",
			"isa": "PBXFileReference",
			"lastKnownFileType": "compiled.mach-o.dylib",
			"name": "libavformat.dylib",
			"path": "../libs/ffmpeg/lib/osx/libavformat.dylib",
			"sourceTree": "SOURCE_ROOT"
		},
		"38A31B5E-7F85-48A5-9561-8DD893B1247C": {
			"fileEncoding": "4",
			"isa": "PBXFileReference",
			"lastKnownFileType": "sourcecode.cpp.h",
			"name": "AudioResampler.h",
			"path": "../libs/ofxHap/include/ofxHap/AudioResampler.h",
			"sourceTree": "SOURCE_ROOT"
		},
		"3C4B800B-7628-4948-9000-9C1419B9C4A8": {
			"children": [
				"53BF8115-0DD4-44D2-8A17-881CA8E1E350"
			],
			"isa": "PBXGroup",
			"name": "hap",
			"path": "hap",
			"sourceTree": "<group>"
		},
		"4004AC74-2E64-482C-A835-3812AB84A86F": {
			"fileEncoding": "4",
			"isa": "PBXFileReference",
			"lastKnownFileType": "compiled.mach-o.dylib",
			"name": "libavutil.56.dylib",
			"path": "../libs/ffmpeg/lib/osx/libavutil.56.dylib",
			"sourceTree": "SOURCE_ROOT"
		},
		"40CE99CE-0225-4E3F-ACD7-DBC3A0126035": {
			"fileEncoding": "4",
			"isa": "PBXFileReference",
			"lastKnownFileType": "sourcecode.cpp.h",
			"name": "ErrorReceiving.h",
			"path": "../libs/ofxHap/include/ofxHap/ErrorReceiving.h",
			"sourceTree": "SOURCE_ROOT"
		},
		"45CCDAAD-B390-4B44-BFCE-023AFAB8B8F9": {
			"fileEncoding": "4",
			"isa": "PBXFileReference",
			"lastKnownFileType": "sourcecode.cpp.h",
			"name": "hap.h",
			"path": "../libs/hap/src/hap.h",
			"sourceTree": "SOURCE_ROOT"
		},
		"4CB84BD2-3E28-4721-B33A-F0DB86E74CA7": {
			"fileRef": "58F7EB21-5693-47AB-8128-81A65F647827",
			"isa": "PBXBuildFile",
			"settings": {
				"ATTRIBUTES": [
					"CodeSignOnCopy"
				]
			}
		},
		"4DA6A563-5817-4F18-A4A2-B7FBE695FB6B": {
			"fileEncoding": "4",
			"isa": "PBXFileReference",
			"lastKnownFileType": "sourcecode.cpp.c",
			"name": "hap.c",
			"path": "../libs/hap/src/hap.c",
			"sourceTree": "SOURCE_ROOT"
		},
		"520ED34B-21EA-4DF5-B194-CEC1ED0BB862": {
			"fileRef": "E00EF0D2-EB28-4661-AF3D-59E5CA6FF9F9",
			"isa": "PBXBuildFile",
			"settings": {
				"ATTRIBUTES": [
					"CodeSignOnCopy"
				]
			}
		},
		"53BF8115-0DD4-44D2-8A17-881CA8E1E350": {
			"children": [
				"4DA6A563-5817-4F18-A4A2-B7FBE695FB6B",
				"45CCDAAD-B390-4B44-BFCE-023AFAB8B8F9"
			],
			"isa": "PBXGroup",
			"name": "src",
			"path": "src",
			"sourceTree": "<group>"
		},
		"56DB4FB0-6C5B-4950-AFFF-663F5A9237A1": {
			"children": [
				"FCD4D886-207B-46F5-90E4-05E7541AFC1D"
			],
			"isa": "PBXGroup",
			"name": "ffmpeg",
			"path": "ffmpeg",
			"sourceTree": "<group>"
		},
		"58F7EB21-5693-47AB-8128-81A65F647827": {
			"fileEncoding": "4",
			"isa": "PBXFileReference",
			"lastKnownFileType": "compiled.mach-o.dylib",
			"name": "libavcodec.58.dylib",
			"path": "../libs/ffmpeg/lib/osx/libavcodec.58.dylib",
			"sourceTree": "SOURCE_ROOT"
		},
		"591D3EC5-0316-4C14-91B7-47B0AC2326CE": {
			"fileEncoding": "4",
			"isa": "PBXFileReference",
			"lastKnownFileType": "sourcecode.cpp.cpp",
			"name": "AudioParameters.cpp",
			"path": "../libs/ofxHap/src/AudioParameters.cpp",
			"sourceTree": "SOURCE_ROOT"
		},
		"5A2400F5-F095-42C1-B119-39187DE1EFF3": {
			"children": [
				"D2121D04-95C5-461C-9A09-2F3D4088A1FF",
				"62EB8FEC-3B50-4BDB-9665-49C48539C29C",
				"38A31B5E-7F85-48A5-9561-8DD893B1247C",
				"887CF25A-0358-4452-91C3-D73287FD0D19",
				"C91F7330-53B7-40FC-AED6-84561E681526",
				"F44F993D-3E94-4192-A05D-54DB1F97E6C7",
				"FA4A659C-F7F9-4C6B-AC94-4B71228487C1",
				"40CE99CE-0225-4E3F-ACD7-DBC3A0126035",
				"1F7A60EA-6DBC-45CE-83F3-6E70FD994EA8",
				"9929D00D-752A-4DE6-8B68-38DAB170D1E4",
				"A1F2AA69-68D0-4041-9FF1-410FF39099E9",
				"20D51092-B4F3-415E-A683-49632D247198"
			],
			"isa": "PBXGroup",
			"name": "ofxHap",
			"path": "ofxHap",
			"sourceTree": "<group>"
		},
		"5DA58816-6842-4473-AFED-2060E489B7DD": {
			"fileEncoding": "4",
			"isa": "PBXFileReference",
			"lastKnownFileType": "sourcecode.cpp.cpp",
			"name": "Demuxer.cpp",
			"path": "../libs/ofxHap/src/Demuxer.cpp",
			"sourceTree": "SOURCE_ROOT"
		},
		"62EB8FEC-3B50-4BDB-9665-49C48539C29C": {
			"fileEncoding": "4",
			"isa": "PBXFileReference",
			"lastKnownFileType": "sourcecode.cpp.h",
			"name": "AudioParameters.h",
			"path": "../libs/ofxHap/include/ofxHap/AudioParameters.h",
			"sourceTree": "SOURCE_ROOT"
		},
		"652132FA-94FC-4FA6-927E-0491FCE32198": {
			"fileRef": "7494C263-902C-4C39-AC70-4A4F13500E22",
			"isa": "PBXBuildFile"
		},
		"66106222-93D6-45EF-9729-34A1BFCCE957": {
			"fileEncoding": "4",
			"isa": "PBXFileReference",
			"lastKnownFileType": "compiled.mach-o.dylib",
			"name": "libswresample.3.9.100.dylib",
			"path": "../libs/ffmpeg/lib/osx/libswresample.3.9.100.dylib",
			"sourceTree": "SOURCE_ROOT"
		},
		"66F817E8-DD97-4013-9AED-28B815B7DC53": {
			"fileEncoding": "4",
			"isa": "PBXFileReference",
			"lastKnownFileType": "compiled.mach-o.dylib",
			"name": "libavutil.56.70.100.dylib",
			"path": "../libs/ffmpeg/lib/osx/libavutil.56.70.100.dylib",
			"sourceTree": "SOURCE_ROOT"
		},
		"6AC81564-D3B5-4C54-90C2-FC10A589B2CB": {
			"fileRef": "82D80318-D1A0-4CC9-9A37-BFE884CC39B1",
			"isa": "PBXBuildFile"
		},
		"71425BB1-CF7C-4FCD-87C7-8256CF2B20A1": {
			"fileRef": "66F817E8-DD97-4013-9AED-28B815B7DC53",
			"isa": "PBXBuildFile",
			"settings": {
				"ATTRIBUTES": [
					"CodeSignOnCopy"
				]
			}
		},
		"7339081F-AB08-4999-9FD4-BDBF481A1F51": {
			"children": [
				"66F817E8-DD97-4013-9AED-28B815B7DC53",
				"77269D00-41A7-4B2C-B218-E778393A9E3E",
				"E00EF0D2-EB28-4661-AF3D-59E5CA6FF9F9",
				"2A5F2D68-BF5B-477D-BF7F-5A89AB3DA3DF",
				"66106222-93D6-45EF-9729-34A1BFCCE957",
				"37E3F3ED-E625-4C84-BD90-F782ECF8AC3D",
				"3498584B-7495-4139-B1C8-0BDDE926F1B8",
				"4004AC74-2E64-482C-A835-3812AB84A86F",
				"2B54E869-D638-4AC0-8261-9D4BDF83A5A6",
				"AB99F0B8-18ED-49DC-A75D-4E3BFAE4A875",
				"8ECDDC9B-09AF-425D-AA3B-CDA972202B90",
				"58F7EB21-5693-47AB-8128-81A65F647827"
			],
			"isa": "PBXGroup",
			"name": "osx",
			"path": "osx",
			"sourceTree": "<group>"
		},
		"7494C263-902C-4C39-AC70-4A4F13500E22": {
			"fileEncoding": "4",
			"isa": "PBXFileReference",
			"lastKnownFileType": "sourcecode.cpp.cpp",
			"name": "RingBuffer.cpp",
			"path": "../libs/ofxHap/src/RingBuffer.cpp",
			"sourceTree": "SOURCE_ROOT"
		},
		"77269D00-41A7-4B2C-B218-E778393A9E3E": {
			"fileEncoding": "4",
			"isa": "PBXFileReference",
			"lastKnownFileType": "compiled.mach-o.dylib",
			"name": "libswresample.3.dylib",
			"path": "../libs/ffmpeg/lib/osx/libswresample.3.dylib",
			"sourceTree": "SOURCE_ROOT"
		},
		"77EC2A6C-F591-4CC4-8E36-C6C8C5FC2E44": {
			"fileRef": "85AB399B-6871-487A-8974-133C71B2F1C1",
			"isa": "PBXBuildFile"
		},
		"77F80920-AE33-449A-9890-81F723A77CFC": {
			"children": [
				"5A2400F5-F095-42C1-B119-39187DE1EFF3"
			],
			"isa": "PBXGroup",
			"name": "include",
			"path": "include",
			"sourceTree": "<group>"
		},
		"789976D5-4830-4C67-89AE-EF1FF272B194": {
			"fileEncoding": "4",
			"isa": "PBXFileReference",
			"lastKnownFileType": "folder",
			"name": "data",
			"path": "bin/data",
			"sourceTree": "SOURCE_ROOT"
		},
		"7B5519DF-3B5C-47D0-AA5C-850EBE696EAE": {
			"children": [
				"C1F32278-B2B7-4ADA-828B-E3DD0B279A06",
				"EA60C17D-A64F-4045-94E6-5E5550C894E8"
			],
			"isa": "PBXGroup",
			"name": "src",
			"path": "src",
			"sourceTree": "<group>"
		},
		"82D80318-D1A0-4CC9-9A37-BFE884CC39B1": {
			"fileEncoding": "4",
			"isa": "PBXFileReference",
			"lastKnownFileType": "sourcecode.cpp.cpp",
			"name": "AudioThread.cpp",
			"path": "../libs/ofxHap/src/AudioThread.cpp",
			"sourceTree": "SOURCE_ROOT"
		},
		"85AB399B-6871-487A-8974-133C71B2F1C1": {
			"fileEncoding": "4",
			"isa": "PBXFileReference",
			"lastKnownFileType": "sourcecode.cpp.cpp",
			"name": "PacketCache.cpp",
			"path": "../libs/ofxHap/src/PacketCache.cpp",
			"sourceTree": "SOURCE_ROOT"
		},
		"887CF25A-0358-4452-91C3-D73287FD0D19": {
			"fileEncoding": "4",
			"isa": "PBXFileReference",
			"lastKnownFileType": "sourcecode.cpp.h",
			"name": "AudioThread.h",
			"path": "../libs/ofxHap/include/ofxHap/AudioThread.h",
			"sourceTree": "SOURCE_ROOT"
		},
		"8C4CE190-6468-4CB9-B884-C6376010B5CF": {
			"fileEncoding": "4",
			"isa": "PBXFileReference",
			"lastKnownFileType": "sourcecode.cpp.cpp",
			"name": "TimeRangeSet.cpp",
			"path": "../libs/ofxHap/src/TimeRangeSet.cpp",
			"sourceTree": "SOURCE_ROOT"
		},
		"8ECDDC9B-09AF-425D-AA3B-CDA972202B90": {
			"fileEncoding": "4",
			"isa": "PBXFileReference",
			"lastKnownFileType": "compiled.mach-o.dylib",
			"name": "libavcodec.58.134.100.dylib",
			"path": "../libs/ffmpeg/lib/osx/libavcodec.58.134.100.dylib",
			"sourceTree": "SOURCE_ROOT"
		},
		"90DB955D-2900-4625-9CCD-9016CBFCD86F": {
			"fileRef": "FF276008-AD37-40D3-87A8-C2357F3DD30F",
			"isa": "PBXBuildFile"
		},
		"92D5D89C-EE2B-401A-B565-D43ACBDA3A65": {
			"children": [
				"56DB4FB0-6C5B-4950-AFFF-663F5A9237A1",
				"082005D0-0C69-41E2-AB86-51FE664F519F",
				"3C4B800B-7628-4948-9000-9C1419B9C4A8",
				"96E00AEF-DA83-4238-99DB-B7E12A526988"
			],
			"isa": "PBXGroup",
			"name": "libs",
			"path": "libs",
			"sourceTree": "<group>"
		},
		"945A4AF9-D71F-4E33-8597-661E4FA0C613": {
			"fileRef": "4DA6A563-5817-4F18-A4A2-B7FBE695FB6B",
			"isa": "PBXBuildFile"
		},
		"969D812D-E2BC-4306-A1D6-76557C6B2E1A": {
			"children": [
				"29A25A5B-4632-4956-A1F1-BF7571C73223",
				"591D3EC5-0316-4C14-91B7-47B0AC2326CE",
				"27A88C15-B382-49EB-8E48-45963D489748",
				"82D80318-D1A0-4CC9-9A37-BFE884CC39B1",
				"2AF53419-A8C8-48D2-9378-91EAF1E67037",
				"5DA58816-6842-4473-AFED-2060E489B7DD",
				"FF276008-AD37-40D3-87A8-C2357F3DD30F",
				"85AB399B-6871-487A-8974-133C71B2F1C1",
				"7494C263-902C-4C39-AC70-4A4F13500E22",
				"8C4CE190-6468-4CB9-B884-C6376010B5CF"
			],
			"isa": "PBXGroup",
			"name": "src",
			"path": "src",
			"sourceTree": "<group>"
		},
		"96E00AEF-DA83-4238-99DB-B7E12A526988": {
			"children": [
				"77F80920-AE33-449A-9890-81F723A77CFC",
				"969D812D-E2BC-4306-A1D6-76557C6B2E1A"
			],
			"isa": "PBXGroup",
			"name": "ofxHap",
			"path": "ofxHap",
			"sourceTree": "<group>"
		},
		"991524B1-76B0-4DD9-AAE6-D936ACDEA5F7": {
			"children": [
				"19BF0001-5FB7-4B83-9C3B-A077764C9524",
				"DDE03B3E-3E65-40AF-BDFA-25D6F0449386",
				"E45027ED-ADA5-4C8E-A8D0-FDB29B72FED1"
			],
			"isa": "PBXGroup",
			"name": "osx",
			"path": "osx",
			"sourceTree": "<group>"
		},
		"9929D00D-752A-4DE6-8B68-38DAB170D1E4": {
			"fileEncoding": "4",
			"isa": "PBXFileReference",
			"lastKnownFileType": "sourcecode.cpp.h",
			"name": "PacketCache.h",
			"path": "../libs/ofxHap/include/ofxHap/PacketCache.h",
			"sourceTree": "SOURCE_ROOT"
		},
		"9A6D8CC9-E1A7-492F-B699-37026FCA21FD": {
			"fileRef": "5DA58816-6842-4473-AFED-2060E489B7DD",
			"isa": "PBXBuildFile"
		},
		"A0938128-91C7-4202-B051-19206785AAA1": {
			"fileRef": "591D3EC5-0316-4C14-91B7-47B0AC2326CE",
			"isa": "PBXBuildFile"
		},
		"A1F2AA69-68D0-4041-9FF1-410FF39099E9": {
			"fileEncoding": "4",
			"isa": "PBXFileReference",
			"lastKnownFileType": "sourcecode.cpp.h",
			"name": "RingBuffer.h",
			"path": "../libs/ofxHap/include/ofxHap/RingBuffer.h",
			"sourceTree": "SOURCE_ROOT"
		},
		"A32C0CC4-7692-4325-A2CD-28E075CD2184": {
			"fileRef": "2AF53419-A8C8-48D2-9378-91EAF1E67037",
			"isa": "PBXBuildFile"
		},
		"A6CB8CBA-A5B1-49E4-B3E5-03E8339BF714": {
			"fileRef": "DDE03B3E-3E65-40AF-BDFA-25D6F0449386",
			"isa": "PBXBuildFile",
			"settings": {
				"ATTRIBUTES": [
					"CodeSignOnCopy"
				]
			}
		},
		"AA2E666F-04B4-4456-B2C3-9D83C5B2893D": {
			"children": [
				"92D5D89C-EE2B-401A-B565-D43ACBDA3A65",
				"7B5519DF-3B5C-47D0-AA5C-850EBE696EAE"
			],
			"isa": "PBXGroup",
			"name": "..",
			"path": "..",
			"sourceTree": "SOURCE_ROOT"
		},
		"AB99F0B8-18ED-49DC-A75D-4E3BFAE4A875": {
			"fileEncoding": "4",
			"isa": "PBXFileReference",
			"lastKnownFileType": "compiled.mach-o.dylib",
			"name": "libswresample.dylib",
			"path": "../libs/ffmpeg/lib/osx/libswresample.dylib",
			"sourceTree": "SOURCE_ROOT"
		},
		"ACB86A6B-C6A3-482F-AA68-939D6BDE9E3C": {
			"fileRef": "29A25A5B-4632-4956-A1F1-BF7571C73223",
			"isa": "PBXBuildFile"
		},
		"B4997B2C-0C50-4682-BDDB-8660B59CEAEE": {
			"fileRef": "3498584B-7495-4139-B1C8-0BDDE926F1B8",
			"isa": "PBXBuildFile",
			"settings": {
				"ATTRIBUTES": [
					"CodeSignOnCopy"
				]
			}
		},
		"BB4B014C10F69532006C3DED": {
			"children": [],
			"isa": "PBXGroup",
			"name": "addons",
			"path": "/Users/roy/Desktop/PROYECTOS/CROWDS/CROWDS_DEV/openFrameworks_v0.12.1_osx_release/addons",
			"sourceTree": "<absolute>"
		},
		"BDEC05E1-DD16-4AD6-81B3-27B98636B760": {
			"fileRef": "8C4CE190-6468-4CB9-B884-C6376010B5CF",
			"isa": "PBXBuildFile"
		},
		"BFCAFCD1-8025-4758-BE1E-042D5A177B39": {
			"fileRef": "66106222-93D6-45EF-9729-34A1BFCCE957",
			"isa": "PBXBuildFile",
			"settings": {
				"ATTRIBUTES": [
					"CodeSignOnCopy"
				]
			}
		},
		"C1F0C1C7-61B4-40EB-8C69-3E69F33EFDC7": {
			"fileRef": "77269D00-41A7-4B2C-B218-E778393A9E3E",
			"isa": "PBXBuildFile",
			"settings": {
				"ATTRIBUTES": [
					"CodeSignOnCopy"
				]
			}
		},
		"C1F32278-B2B7-4ADA-828B-E3DD0B279A06": {
			"fileEncoding": "4",
			"isa": "PBXFileReference",
			"lastKnownFileType": "sourcecode.cpp.cpp",
			"name": "ofxHapPlayer.cpp",
			"path": "../src/ofxHapPlayer.cpp",
			"sourceTree": "SOURCE_ROOT"
		},
		"C91F7330-53B7-40FC-AED6-84561E681526": {
			"fileEncoding": "4",
			"isa": "PBXFileReference",
			"lastKnownFileType": "sourcecode.cpp.h",
			"name": "Clock.h",
			"path": "../libs/ofxHap/include/ofxHap/Clock.h",
			"sourceTree": "SOURCE_ROOT"
		},
		"C98E275F-4989-4876-8184-1BEA43843EB0": {
			"fileRef": "37E3F3ED-E625-4C84-BD90-F782ECF8AC3D",
			"isa": "PBXBuildFile",
			"settings": {
				"ATTRIBUTES": [
					"CodeSignOnCopy"
				]
			}
		},
		"D2121D04-95C5-461C-9A09-2F3D4088A1FF": {
			"fileEncoding": "4",
			"isa": "PBXFileReference",
			"lastKnownFileType": "sourcecode.cpp.h",
			"name": "AudioDecoder.h",
			"path": "../libs/ofxHap/include/ofxHap/AudioDecoder.h",
			"sourceTree": "SOURCE_ROOT"
		},
		"D6442873-ACF8-43E3-B1B4-45B46FC56679": {
			"children": [
				"AA2E666F-04B4-4456-B2C3-9D83C5B2893D"
			],
			"isa": "PBXGroup",
			"name": "local_addons",
			"path": "",
			"sourceTree": "SOURCE_ROOT"
		},
		"DDE03B3E-3E65-40AF-BDFA-25D6F0449386": {
			"fileEncoding": "4",
			"isa": "PBXFileReference",
			"lastKnownFileType": "compiled.mach-o.dylib",
			"name": "libsnappy.1.1.9.dylib",
			"path": "../libs/snappy/lib/osx/libsnappy.1.1.9.dylib",
			"sourceTree": "SOURCE_ROOT"
		},
		"E00EF0D2-EB28-4661-AF3D-59E5CA6FF9F9": {
			"fileEncoding": "4",
			"isa": "PBXFileReference",
			"lastKnownFileType": "compiled.mach-o.dylib",
			"name": "libavformat.58.dylib",
			"path": "../libs/ffmpeg/lib/osx/libavformat.58.dylib",
			"sourceTree": "SOURCE_ROOT"
		},
		"E42962A92163ECCD00A6A9E2": {
			"alwaysOutOfDate": "1",
			"buildActionMask": "2147483647",
			"files": [],
			"inputPaths": [],
			"isa": "PBXShellScriptBuildPhase",
			"name": "Run Script — Compile OF",
			"outputPaths": [],
			"runOnlyForDeploymentPostprocessing": "0",
			"shellPath": "/bin/sh",
			"shellScript": "$OF_CORE_BUILD_COMMAND\n",
			"showEnvVarsInLog": "0"
		},
		"E45027ED-ADA5-4C8E-A8D0-FDB29B72FED1": {
			"fileEncoding": "4",
			"isa": "PBXFileReference",
			"lastKnownFileType": "compiled.mach-o.dylib",
			"name": "libsnappy.1.dylib",
			"path": "../libs/snappy/lib/osx/libsnappy.1.dylib",
			"sourceTree": "SOURCE_ROOT"
		},
		"E4A5B60F29BAAAE400C2D356": {
			"buildActionMask": "2147483647",
			"dstPath": "",
			"dstSubfolderSpec": "6",
			"files": [
				"71425BB1-CF7C-4FCD-87C7-8256CF2B20A1",
				"C1F0C1C7-61B4-40EB-8C69-3E69F33EFDC7",
				"520ED34B-21EA-4DF5-B194-CEC1ED0BB862",
				"3319AD9F-4DC2-4E3B-92C0-3B815595BC46",
				"BFCAFCD1-8025-4758-BE1E-042D5A177B39",
				"C98E275F-4989-4876-8184-1BEA43843EB0",
				"B4997B2C-0C50-4682-BDDB-8660B59CEAEE",
				"0EB167E5-141C-49A3-BBE3-BB3B2F73C963",
				"12E76141-303C-4870-8366-ACF21C2C3E3B",
				"F4465E36-7503-4485-B4C0-D000C0BB08B8",
				"319B880D-AACA-41AD-BF69-4DAEECBCB402",
				"4CB84BD2-3E28-4721-B33A-F0DB86E74CA7",
				"0AE88DBF-CF26-4C0A-A8FE-6BB3E67B151E",
				"A6CB8CBA-A5B1-49E4-B3E5-03E8339BF714",
				"FCDFC812-378C-435D-945E-9FACC2D59996"
			],
			"isa": "PBXCopyFilesBuildPhase",
			"runOnlyForDeploymentPostprocessing": "0"
		},
		"E4B69B4A0A3A1720003C02F2": {
			"children": [
				"191CD6FA2847E21E0085CBB6",
				"E4B6FCAD0C3E899E008CF71C",
				"E4EB6923138AFD0F00A09F29",
				"E4B69E1C0A3A1BDC003C02F2",
				"191EF70929D778A400F35F26",
				"BB4B014C10F69532006C3DED",
				"E4B69B5B0A3A1756003C02F2",
				"D6442873-ACF8-43E3-B1B4-45B46FC56679",
				"789976D5-4830-4C67-89AE-EF1FF272B194"
			],
			"isa": "PBXGroup",
			"sourceTree": "<group>"
		},
		"E4B69B4C0A3A1720003C02F2": {
			"attributes": {
				"BuildIndependentTargetsInParallel": "YES",
				"LastUpgradeCheck": "1540"
			},
			"buildConfigurationList": "E4B69B4D0A3A1720003C02F2",
			"compatibilityVersion": "Xcode 3.2",
			"developmentRegion": "en",
			"hasScannedForEncodings": "0",
			"isa": "PBXProject",
			"knownRegions": [
				"en",
				"Base"
			],
			"mainGroup": "E4B69B4A0A3A1720003C02F2",
			"productRefGroup": "E4B69B4A0A3A1720003C02F2",
			"projectDirPath": "",
			"projectRoot": "",
			"targets": [
				"E4B69B5A0A3A1756003C02F2"
			]
		},
		"E4B69B4D0A3A1720003C02F2": {
			"buildConfigurations": [
				"E4B69B4E0A3A1720003C02F2",
				"E4B69B4F0A3A1720003C02F2"
			],
			"defaultConfigurationIsVisible": "0",
			"defaultConfigurationName": "Release",
			"isa": "XCConfigurationList"
		},
		"E4B69B4E0A3A1720003C02F2": {
			"baseConfigurationReference": "E4EB6923138AFD0F00A09F29",
			"buildSettings": {
				"CODE_SIGN_ENTITLEMENTS": "of.entitlements",
				"COPY_PHASE_STRIP": "NO",
				"ENABLE_TESTABILITY": "YES",
				"GCC_OPTIMIZATION_LEVEL": "0",
				"GCC_WARN_UNUSED_VARIABLE": "NO",
				"HEADER_SEARCH_PATHS": [
					"$(OF_CORE_HEADERS)",
					"src"
				],
				"OTHER_CPLUSPLUSFLAGS": "-D__MACOSX_CORE__"
			},
			"isa": "XCBuildConfiguration",
			"name": "Debug"
		},
		"E4B69B4F0A3A1720003C02F2": {
			"baseConfigurationReference": "E4EB6923138AFD0F00A09F29",
			"buildSettings": {
				"CODE_SIGN_ENTITLEMENTS": "of.entitlements",
				"COPY_PHASE_STRIP": "YES",
				"GCC_OPTIMIZATION_LEVEL": "3",
				"GCC_UNROLL_LOOPS": "YES",
				"HEADER_SEARCH_PATHS": [
					"$(OF_CORE_HEADERS)",
					"src"
				],
				"OTHER_CPLUSPLUSFLAGS": "-D__MACOSX_CORE__"
			},
			"isa": "XCBuildConfiguration",
			"name": "Release"
		},
		"E4B69B580A3A1756003C02F2": {
			"buildActionMask": "2147483647",
			"files": [
				"E4B69E200A3A1BDC003C02F2",
				"E4B69E210A3A1BDC003C02F2",
				"945A4AF9-D71F-4E33-8597-661E4FA0C613",
				"ACB86A6B-C6A3-482F-AA68-939D6BDE9E3C",
				"A0938128-91C7-4202-B051-19206785AAA1",
				"06AAB295-5531-47B9-90ED-37C7DAFAC092",
				"6AC81564-D3B5-4C54-90C2-FC10A589B2CB",
				"A32C0CC4-7692-4325-A2CD-28E075CD2184",
				"9A6D8CC9-E1A7-492F-B699-37026FCA21FD",
				"90DB955D-2900-4625-9CCD-9016CBFCD86F",
				"77EC2A6C-F591-4CC4-8E36-C6C8C5FC2E44",
				"652132FA-94FC-4FA6-927E-0491FCE32198",
				"BDEC05E1-DD16-4AD6-81B3-27B98636B760",
				"33835226-4CBB-4598-B5E0-D59905FD4F15"
			],
			"isa": "PBXSourcesBuildPhase",
			"runOnlyForDeploymentPostprocessing": "0"
		},
		"E4B69B590A3A1756003C02F2": {
			"buildActionMask": "2147483647",
			"files": [],
			"isa": "PBXFrameworksBuildPhase",
			"runOnlyForDeploymentPostprocessing": "0"
		},
		"E4B69B5A0A3A1756003C02F2": {
			"buildConfigurationList": "E4B69B5F0A3A1757003C02F2",
			"buildPhases": [
				"E42962A92163ECCD00A6A9E2",
				"E4B69B580A3A1756003C02F2",
				"E4B69B590A3A1756003C02F2",
				"E4C2427710CC5ABF004149E2",
				"E4A5B60F29BAAAE400C2D356",
				"19B789C429E5AB4A0082E9B8"
			],
			"buildRules": [],
			"dependencies": [],
			"isa": "PBXNativeTarget",
			"name": "example",
			"productName": "myOFApp",
			"productReference": "E4B69B5B0A3A1756003C02F2",
			"productType": "com.apple.product-type.application"
		},
		"E4B69B5B0A3A1756003C02F2": {
			"explicitFileType": "wrapper.application",
			"includeInIndex": "0",
			"isa": "PBXFileReference",
			"path": "exampleDebug.app",
			"sourceTree": "BUILT_PRODUCTS_DIR"
		},
		"E4B69B5F0A3A1757003C02F2": {
			"buildConfigurations": [
				"E4B69B600A3A1757003C02F2",
				"E4B69B610A3A1757003C02F2"
			],
			"defaultConfigurationIsVisible": "0",
			"defaultConfigurationName": "Release",
			"isa": "XCConfigurationList"
		},
		"E4B69B600A3A1757003C02F2": {
			"baseConfigurationReference": "E4EB6923138AFD0F00A09F29",
			"buildSettings": {
				"ARCHS": "$(ARCHS_STANDARD)",
				"COPY_PHASE_STRIP": "NO",
				"FRAMEWORK_SEARCH_PATHS": "$(inherited)",
				"GCC_DYNAMIC_NO_PIC": "NO",
				"HEADER_SEARCH_PATHS": [
					"$(OF_CORE_HEADERS)",
					"src",
					"src",
					"../libs",
					"../libs/ffmpeg",
					"../libs/ffmpeg/include",
					"../libs/ffmpeg/lib",
					"../libs/ffmpeg/lib/osx",
					"../libs/hap",
					"../libs/hap/src",
					"../libs/ofxHap",
					"../libs/ofxHap/include",
					"../libs/ofxHap/include/ofxHap",
					"../libs/ofxHap/src",
					"../libs/snappy",
					"../libs/snappy/include",
					"../libs/snappy/lib",
					"../libs/snappy/lib/osx",
					"../libs/snappy/license",
					"../src"
				],
				"LIBRARY_SEARCH_PATHS": "$(inherited)",
				"OTHER_LDFLAGS": [
					"$(OF_CORE_LIBS)",
					"$(OF_CORE_FRAMEWORKS)",
					"$(LIB_OF_DEBUG)",
					"../libs/ffmpeg/lib/osx/libavutil.56.70.100.dylib",
					"../libs/ffmpeg/lib/osx/libswresample.3.9.100.dylib",
					"../libs/ffmpeg/lib/osx/libavformat.58.76.100.dylib",
					"../libs/ffmpeg/lib/osx/libavformat.58.76.100.dylib",
					"../libs/ffmpeg/lib/osx/libswresample.3.9.100.dylib",
					"../libs/ffmpeg/lib/osx/libavformat.58.76.100.dylib",
					"../libs/ffmpeg/lib/osx/libavutil.56.70.100.dylib",
					"../libs/ffmpeg/lib/osx/libavutil.56.70.100.dylib",
					"../libs/ffmpeg/lib/osx/libavcodec.58.134.100.dylib",
					"../libs/ffmpeg/lib/osx/libswresample.3.9.100.dylib",
					"../libs/ffmpeg/lib/osx/libavcodec.58.134.100.dylib",
					"../libs/ffmpeg/lib/osx/libavcodec.58.134.100.dylib",
					"../libs/snappy/lib/osx/libsnappy.1.1.9.dylib",
					"../libs/snappy/lib/osx/libsnappy.1.1.9.dylib",
					"../libs/snappy/lib/osx/libsnappy.1.1.9.dylib",
					"-rpath",
					"@executable_path"
				]
			},
			"isa": "XCBuildConfiguration",
			"name": "Debug"
		},
		"E4B69B610A3A1757003C02F2": {
			"baseConfigurationReference": "E4EB6923138AFD0F00A09F29",
			"buildSettings": {
				"ARCHS": "$(ARCHS_STANDARD)",
				"COPY_PHASE_STRIP": "YES",
				"FRAMEWORK_SEARCH_PATHS": "$(inherited)",
				"HEADER_SEARCH_PATHS": [
					"$(OF_CORE_HEADERS)",
					"src",
					"src",
					"../libs",
					"../libs/ffmpeg",
					"../libs/ffmpeg/include",
					"../libs/ffmpeg/lib",
					"../libs/ffmpeg/lib/osx",
					"../libs/hap",
					"../libs/hap/src",
					"../libs/ofxHap",
					"../libs/ofxHap/include",
					"../libs/ofxHap/include/ofxHap",
					"../libs/ofxHap/src",
					"../libs/snappy",
					"../libs/snappy/include",
					"../libs/snappy/lib",
					"../libs/snappy/lib/osx",
					"../libs/snappy/license",
					"../src"
				],
				"LIBRARY_SEARCH_PATHS": "$(inherited)",
				"OTHER_LDFLAGS": [
					"$(OF_CORE_LIBS)",
					"$(OF_CORE_FRAMEWORKS)",
					"$(LIB_OF_RELEASE)",
					"../libs/ffmpeg/lib/osx/libavutil.56.70.100.dylib",
					"../libs/ffmpeg/lib/osx/libswresample.3.9.100.dylib",
					"../libs/ffmpeg/lib/osx/libavformat.58.76.100.dylib",
					"../libs/ffmpeg/lib/osx/libavformat.58.76.100.dylib",
					"../libs/ffmpeg/lib/osx/libswresample.3.9.100.dylib",
					"../libs/ffmpeg/lib/osx/libavformat.58.76.100.dylib",
					"../libs/ffmpeg/lib/osx/libavutil.56.70.100.dylib",
					"../libs/ffmpeg/lib/osx/libavutil.56.70.100.dylib",
					"../libs/ffmpeg/lib/osx/libavcodec.58.134.100.dylib",
					"../libs/ffmpeg/lib/osx/libswresample.3.9.100.dylib",
					"../libs/ffmpeg/lib/osx/libavcodec.58.134.100.dylib",
					"../libs/ffmpeg/lib/osx/libavcodec.58.134.100.dylib",
					"../libs/snappy/lib/osx/libsnappy.1.1.9.dylib",
					"../libs/snappy/lib/osx/libsnappy.1.1.9.dylib",
					"../libs/snappy/lib/osx/libsnappy.1.1.9.dylib",
					"-rpath",
					"@executable_path"
				],
				"baseConfigurationReference": "E4EB6923138AFD0F00A09F29"
			},
			"isa": "XCBuildConfiguration",
			"name": "Release"
		},
		"E4B69E1C0A3A1BDC003C02F2": {
			"children": [
				"E4B69E1D0A3A1BDC003C02F2",
				"E4B69E1E0A3A1BDC003C02F2",
				"E4B69E1F0A3A1BDC003C02F2"
			],
			"isa": "PBXGroup",
			"path": "src",
			"sourceTree": "SOURCE_ROOT"
		},
		"E4B69E1D0A3A1BDC003C02F2": {
			"fileEncoding": "4",
			"isa": "PBXFileReference",
			"lastKnownFileType": "sourcecode.cpp.cpp",
			"name": "main.cpp",
			"path": "src/main.cpp",
			"sourceTree": "SOURCE_ROOT"
		},
		"E4B69E1E0A3A1BDC003C02F2": {
			"explicitFileType": "sourcecode.cpp.cpp",
			"fileEncoding": "4",
			"isa": "PBXFileReference",
			"name": "ofApp.cpp",
			"path": "src/ofApp.cpp",
			"sourceTree": "SOURCE_ROOT"
		},
		"E4B69E1F0A3A1BDC003C02F2": {
			"fileEncoding": "4",
			"isa": "PBXFileReference",
			"lastKnownFileType": "sourcecode.c.h",
			"name": "ofApp.h",
			"path": "src/ofApp.h",
			"sourceTree": "SOURCE_ROOT"
		},
		"E4B69E200A3A1BDC003C02F2": {
			"fileRef": "E4B69E1D0A3A1BDC003C02F2",
			"isa": "PBXBuildFile"
		},
		"E4B69E210A3A1BDC003C02F2": {
			"fileRef": "E4B69E1E0A3A1BDC003C02F2",
			"isa": "PBXBuildFile"
		},
		"E4B6FCAD0C3E899E008CF71C": {
			"fileEncoding": "4",
			"isa": "PBXFileReference",
			"lastKnownFileType": "text.plist.xml",
			"path": "openFrameworks-Info.plist",
			"sourceTree": "<group>"
		},
		"E4C2427710CC5ABF004149E2": {
			"buildActionMask": "2147483647",
			"dstPath": "",
			"dstSubfolderSpec": "10",
			"files": [],
			"isa": "PBXCopyFilesBuildPhase",
			"runOnlyForDeploymentPostprocessing": "0"
		},
		"E4EB6923138AFD0F00A09F29": {
			"fileEncoding": "4",
			"isa": "PBXFileReference",
			"lastKnownFileType": "text.xcconfig",
			"path": "Project.xcconfig",
			"sourceTree": "<group>"
		},
		"EA60C17D-A64F-4045-94E6-5E5550C894E8": {
			"fileEncoding": "4",
			"isa": "PBXFileReference",
			"lastKnownFileType": "sourcecode.cpp.h",
			"name": "ofxHapPlayer.h",
			"path": "../src/ofxHapPlayer.h",
			"sourceTree": "SOURCE_ROOT"
		},
		"F4465E36-7503-4485-B4C0-D000C0BB08B8": {
			"fileRef": "AB99F0B8-18ED-49DC-A75D-4E3BFAE4A875",
			"isa": "PBXBuildFile",
			"settings": {
				"ATTRIBUTES": [
					"CodeSignOnCopy"
				]
			}
		},
		"F44F993D-3E94-4192-A05D-54DB1F97E6C7": {
			"fileEncoding": "4",
			"isa": "PBXFileReference",
			"lastKnownFileType": "sourcecode.cpp.h",
			"name": "Common.h",
			"path": "../libs/ofxHap/include/ofxHap/Common.h",
			"sourceTree": "SOURCE_ROOT"
		},
		"FA4A659C-F7F9-4C6B-AC94-4B71228487C1": {
			"fileEncoding": "4",
			"isa": "PBXFileReference",
			"lastKnownFileType": "sourcecode.cpp.h",
			"name": "Demuxer.h",
			"path": "../libs/ofxHap/include/ofxHap/Demuxer.h",
			"sourceTree": "SOURCE_ROOT"
		},
		"FCD4D886-207B-46F5-90E4-05E7541AFC1D": {
			"children": [
				"7339081F-AB08-4999-9FD4-BDBF481A1F51"
			],
			"isa": "PBXGroup",
			"name": "lib",
			"path": "lib",
			"sourceTree": "<group>"
		},
		"FCDFC812-378C-435D-945E-9FACC2D59996": {
			"fileRef": "E45027ED-ADA5-4C8E-A8D0-FDB29B72FED1",
			"isa": "PBXBuildFile",
			"settings": {
				"ATTRIBUTES": [
					"CodeSignOnCopy"
				]
			}
		},
		"FF276008-AD37-40D3-87A8-C2357F3DD30F": {
			"fileEncoding": "4",
			"isa": "PBXFileReference",
			"lastKnownFileType": "sourcecode.cpp.cpp",
			"name": "MovieTime.cpp",
			"path": "../libs/ofxHap/src/MovieTime.cpp",
			"sourceTree": "SOURCE_ROOT"
		}
	},
	"rootObject": "E4B69B4C0A3A1720003C02F2"
}